// !$*UTF8*$!
{
	archiveVersion = 1;
	classes = {
	};
	objectVersion = 56;
	objects = {

/* Begin PBXBuildFile section */
		B19D73A62A8EFB7300A8AE34 /* RewardsScreen.swift in Sources */ = {isa = PBXBuildFile; fileRef = B19D73A52A8EFB7300A8AE34 /* RewardsScreen.swift */; };
		B19D73A82A8EFBA100A8AE34 /* pickItem.swift in Sources */ = {isa = PBXBuildFile; fileRef = B19D73A72A8EFBA100A8AE34 /* pickItem.swift */; };
		B19D73AA2A8EFBCC00A8AE34 /* PhysicalActivity.swift in Sources */ = {isa = PBXBuildFile; fileRef = B19D73A92A8EFBCC00A8AE34 /* PhysicalActivity.swift */; };
		B19D73AC2A8EFBF300A8AE34 /* PARewardsScreen.swift in Sources */ = {isa = PBXBuildFile; fileRef = B19D73AB2A8EFBF300A8AE34 /* PARewardsScreen.swift */; };
		B1FF80E32A8A6C8D00DDA434 /* Testing_with_GitHubApp.swift in Sources */ = {isa = PBXBuildFile; fileRef = B1FF80E22A8A6C8D00DDA434 /* Testing_with_GitHubApp.swift */; };
		B1FF80E52A8A6C8D00DDA434 /* ContentView.swift in Sources */ = {isa = PBXBuildFile; fileRef = B1FF80E42A8A6C8D00DDA434 /* ContentView.swift */; };
		B1FF80E72A8A6C8E00DDA434 /* Assets.xcassets in Resources */ = {isa = PBXBuildFile; fileRef = B1FF80E62A8A6C8E00DDA434 /* Assets.xcassets */; };
		B1FF80EA2A8A6C8E00DDA434 /* Preview Assets.xcassets in Resources */ = {isa = PBXBuildFile; fileRef = B1FF80E92A8A6C8E00DDA434 /* Preview Assets.xcassets */; };
/* End PBXBuildFile section */

/* Begin PBXFileReference section */
		B19D73A52A8EFB7300A8AE34 /* RewardsScreen.swift */ = {isa = PBXFileReference; lastKnownFileType = sourcecode.swift; path = RewardsScreen.swift; sourceTree = "<group>"; };
		B19D73A72A8EFBA100A8AE34 /* pickItem.swift */ = {isa = PBXFileReference; lastKnownFileType = sourcecode.swift; path = pickItem.swift; sourceTree = "<group>"; };
		B19D73A92A8EFBCC00A8AE34 /* PhysicalActivity.swift */ = {isa = PBXFileReference; lastKnownFileType = sourcecode.swift; path = PhysicalActivity.swift; sourceTree = "<group>"; };
		B19D73AB2A8EFBF300A8AE34 /* PARewardsScreen.swift */ = {isa = PBXFileReference; lastKnownFileType = sourcecode.swift; path = PARewardsScreen.swift; sourceTree = "<group>"; };
		B1FF80DF2A8A6C8D00DDA434 /* Testing with GitHub.app */ = {isa = PBXFileReference; explicitFileType = wrapper.application; includeInIndex = 0; path = "Testing with GitHub.app"; sourceTree = BUILT_PRODUCTS_DIR; };
		B1FF80E22A8A6C8D00DDA434 /* Testing_with_GitHubApp.swift */ = {isa = PBXFileReference; lastKnownFileType = sourcecode.swift; path = Testing_with_GitHubApp.swift; sourceTree = "<group>"; };
		B1FF80E42A8A6C8D00DDA434 /* ContentView.swift */ = {isa = PBXFileReference; lastKnownFileType = sourcecode.swift; path = ContentView.swift; sourceTree = "<group>"; };
		B1FF80E62A8A6C8E00DDA434 /* Assets.xcassets */ = {isa = PBXFileReference; lastKnownFileType = folder.assetcatalog; path = Assets.xcassets; sourceTree = "<group>"; };
		B1FF80E92A8A6C8E00DDA434 /* Preview Assets.xcassets */ = {isa = PBXFileReference; lastKnownFileType = folder.assetcatalog; path = "Preview Assets.xcassets"; sourceTree = "<group>"; };
/* End PBXFileReference section */

/* Begin PBXFrameworksBuildPhase section */
		B1FF80DC2A8A6C8D00DDA434 /* Frameworks */ = {
			isa = PBXFrameworksBuildPhase;
			buildActionMask = 2147483647;
			files = (
			);
			runOnlyForDeploymentPostprocessing = 0;
		};
/* End PBXFrameworksBuildPhase section */

/* Begin PBXGroup section */
		B1FF80D62A8A6C8D00DDA434 = {
			isa = PBXGroup;
			children = (
				B1FF80E12A8A6C8D00DDA434 /* Testing with GitHub */,
				B1FF80E02A8A6C8D00DDA434 /* Products */,
			);
			sourceTree = "<group>";
		};
		B1FF80E02A8A6C8D00DDA434 /* Products */ = {
			isa = PBXGroup;
			children = (
				B1FF80DF2A8A6C8D00DDA434 /* Testing with GitHub.app */,
			);
			name = Products;
			sourceTree = "<group>";
		};
		B1FF80E12A8A6C8D00DDA434 /* Testing with GitHub */ = {
			isa = PBXGroup;
			children = (
				B1FF80E22A8A6C8D00DDA434 /* Testing_with_GitHubApp.swift */,
				B1FF80E42A8A6C8D00DDA434 /* ContentView.swift */,
				B19D73A52A8EFB7300A8AE34 /* RewardsScreen.swift */,
				B19D73A72A8EFBA100A8AE34 /* pickItem.swift */,
				B19D73A92A8EFBCC00A8AE34 /* PhysicalActivity.swift */,
				B19D73AB2A8EFBF300A8AE34 /* PARewardsScreen.swift */,
				B1FF80E62A8A6C8E00DDA434 /* Assets.xcassets */,
				B1FF80E82A8A6C8E00DDA434 /* Preview Content */,
			);
			path = "Testing with GitHub";
			sourceTree = "<group>";
		};
		B1FF80E82A8A6C8E00DDA434 /* Preview Content */ = {
			isa = PBXGroup;
			children = (
				B1FF80E92A8A6C8E00DDA434 /* Preview Assets.xcassets */,
			);
			path = "Preview Content";
			sourceTree = "<group>";
		};
/* End PBXGroup section */

/* Begin PBXNativeTarget section */
		B1FF80DE2A8A6C8D00DDA434 /* Testing with GitHub */ = {
			isa = PBXNativeTarget;
			buildConfigurationList = B1FF80ED2A8A6C8E00DDA434 /* Build configuration list for PBXNativeTarget "Testing with GitHub" */;
			buildPhases = (
				B1FF80DB2A8A6C8D00DDA434 /* Sources */,
				B1FF80DC2A8A6C8D00DDA434 /* Frameworks */,
				B1FF80DD2A8A6C8D00DDA434 /* Resources */,
			);
			buildRules = (
			);
			dependencies = (
			);
			name = "Testing with GitHub";
			productName = "Testing with GitHub";
			productReference = B1FF80DF2A8A6C8D00DDA434 /* Testing with GitHub.app */;
			productType = "com.apple.product-type.application";
		};
/* End PBXNativeTarget section */

/* Begin PBXProject section */
		B1FF80D72A8A6C8D00DDA434 /* Project object */ = {
			isa = PBXProject;
			attributes = {
				BuildIndependentTargetsInParallel = 1;
				LastSwiftUpdateCheck = 1420;
				LastUpgradeCheck = 1420;
				TargetAttributes = {
					B1FF80DE2A8A6C8D00DDA434 = {
						CreatedOnToolsVersion = 14.2;
					};
				};
			};
			buildConfigurationList = B1FF80DA2A8A6C8D00DDA434 /* Build configuration list for PBXProject "Testing with GitHub" */;
			compatibilityVersion = "Xcode 14.0";
			developmentRegion = en;
			hasScannedForEncodings = 0;
			knownRegions = (
				en,
				Base,
			);
			mainGroup = B1FF80D62A8A6C8D00DDA434;
			productRefGroup = B1FF80E02A8A6C8D00DDA434 /* Products */;
			projectDirPath = "";
			projectRoot = "";
			targets = (
				B1FF80DE2A8A6C8D00DDA434 /* Testing with GitHub */,
			);
		};
/* End PBXProject section */

/* Begin PBXResourcesBuildPhase section */
		B1FF80DD2A8A6C8D00DDA434 /* Resources */ = {
			isa = PBXResourcesBuildPhase;
			buildActionMask = 2147483647;
			files = (
				B1FF80EA2A8A6C8E00DDA434 /* Preview Assets.xcassets in Resources */,
				B1FF80E72A8A6C8E00DDA434 /* Assets.xcassets in Resources */,
			);
			runOnlyForDeploymentPostprocessing = 0;
		};
/* End PBXResourcesBuildPhase section */

/* Begin PBXSourcesBuildPhase section */
		B1FF80DB2A8A6C8D00DDA434 /* Sources */ = {
			isa = PBXSourcesBuildPhase;
			buildActionMask = 2147483647;
			files = (
				B1FF80E52A8A6C8D00DDA434 /* ContentView.swift in Sources */,
				B19D73A62A8EFB7300A8AE34 /* RewardsScreen.swift in Sources */,
				B19D73AA2A8EFBCC00A8AE34 /* PhysicalActivity.swift in Sources */,
				B1FF80E32A8A6C8D00DDA434 /* Testing_with_GitHubApp.swift in Sources */,
				B19D73A82A8EFBA100A8AE34 /* pickItem.swift in Sources */,
				B19D73AC2A8EFBF300A8AE34 /* PARewardsScreen.swift in Sources */,
			);
			runOnlyForDeploymentPostprocessing = 0;
		};
/* End PBXSourcesBuildPhase section */

/* Begin XCBuildConfiguration section */
		B1FF80EB2A8A6C8E00DDA434 /* Debug */ = {
			isa = XCBuildConfiguration;
			buildSettings = {
				ALWAYS_SEARCH_USER_PATHS = NO;
				CLANG_ANALYZER_NONNULL = YES;
				CLANG_ANALYZER_NUMBER_OBJECT_CONVERSION = YES_AGGRESSIVE;
				CLANG_CXX_LANGUAGE_STANDARD = "gnu++20";
				CLANG_ENABLE_MODULES = YES;
				CLANG_ENABLE_OBJC_ARC = YES;
				CLANG_ENABLE_OBJC_WEAK = YES;
				CLANG_WARN_BLOCK_CAPTURE_AUTORELEASING = YES;
				CLANG_WARN_BOOL_CONVERSION = YES;
				CLANG_WARN_COMMA = YES;
				CLANG_WARN_CONSTANT_CONVERSION = YES;
				CLANG_WARN_DEPRECATED_OBJC_IMPLEMENTATIONS = YES;
				CLANG_WARN_DIRECT_OBJC_ISA_USAGE = YES_ERROR;
				CLANG_WARN_DOCUMENTATION_COMMENTS = YES;
				CLANG_WARN_EMPTY_BODY = YES;
				CLANG_WARN_ENUM_CONVERSION = YES;
				CLANG_WARN_INFINITE_RECURSION = YES;
				CLANG_WARN_INT_CONVERSION = YES;
				CLANG_WARN_NON_LITERAL_NULL_CONVERSION = YES;
				CLANG_WARN_OBJC_IMPLICIT_RETAIN_SELF = YES;
				CLANG_WARN_OBJC_LITERAL_CONVERSION = YES;
				CLANG_WARN_OBJC_ROOT_CLASS = YES_ERROR;
				CLANG_WARN_QUOTED_INCLUDE_IN_FRAMEWORK_HEADER = YES;
				CLANG_WARN_RANGE_LOOP_ANALYSIS = YES;
				CLANG_WARN_STRICT_PROTOTYPES = YES;
				CLANG_WARN_SUSPICIOUS_MOVE = YES;
				CLANG_WARN_UNGUARDED_AVAILABILITY = YES_AGGRESSIVE;
				CLANG_WARN_UNREACHABLE_CODE = YES;
				CLANG_WARN__DUPLICATE_METHOD_MATCH = YES;
				COPY_PHASE_STRIP = NO;
				DEBUG_INFORMATION_FORMAT = dwarf;
				ENABLE_STRICT_OBJC_MSGSEND = YES;
				ENABLE_TESTABILITY = YES;
				GCC_C_LANGUAGE_STANDARD = gnu11;
				GCC_DYNAMIC_NO_PIC = NO;
				GCC_NO_COMMON_BLOCKS = YES;
				GCC_OPTIMIZATION_LEVEL = 0;
				GCC_PREPROCESSOR_DEFINITIONS = (
					"DEBUG=1",
					"$(inherited)",
				);
				GCC_WARN_64_TO_32_BIT_CONVERSION = YES;
				GCC_WARN_ABOUT_RETURN_TYPE = YES_ERROR;
				GCC_WARN_UNDECLARED_SELECTOR = YES;
				GCC_WARN_UNINITIALIZED_AUTOS = YES_AGGRESSIVE;
				GCC_WARN_UNUSED_FUNCTION = YES;
				GCC_WARN_UNUSED_VARIABLE = YES;
				IPHONEOS_DEPLOYMENT_TARGET = 16.2;
				MTL_ENABLE_DEBUG_INFO = INCLUDE_SOURCE;
				MTL_FAST_MATH = YES;
				ONLY_ACTIVE_ARCH = YES;
				SDKROOT = iphoneos;
				SWIFT_ACTIVE_COMPILATION_CONDITIONS = DEBUG;
				SWIFT_OPTIMIZATION_LEVEL = "-Onone";
			};
			name = Debug;
		};
		B1FF80EC2A8A6C8E00DDA434 /* Release */ = {
			isa = XCBuildConfiguration;
			buildSettings = {
				ALWAYS_SEARCH_USER_PATHS = NO;
				CLANG_ANALYZER_NONNULL = YES;
				CLANG_ANALYZER_NUMBER_OBJECT_CONVERSION = YES_AGGRESSIVE;
				CLANG_CXX_LANGUAGE_STANDARD = "gnu++20";
				CLANG_ENABLE_MODULES = YES;
				CLANG_ENABLE_OBJC_ARC = YES;
				CLANG_ENABLE_OBJC_WEAK = YES;
				CLANG_WARN_BLOCK_CAPTURE_AUTORELEASING = YES;
				CLANG_WARN_BOOL_CONVERSION = YES;
				CLANG_WARN_COMMA = YES;
				CLANG_WARN_CONSTANT_CONVERSION = YES;
				CLANG_WARN_DEPRECATED_OBJC_IMPLEMENTATIONS = YES;
				CLANG_WARN_DIRECT_OBJC_ISA_USAGE = YES_ERROR;
				CLANG_WARN_DOCUMENTATION_COMMENTS = YES;
				CLANG_WARN_EMPTY_BODY = YES;
				CLANG_WARN_ENUM_CONVERSION = YES;
				CLANG_WARN_INFINITE_RECURSION = YES;
				CLANG_WARN_INT_CONVERSION = YES;
				CLANG_WARN_NON_LITERAL_NULL_CONVERSION = YES;
				CLANG_WARN_OBJC_IMPLICIT_RETAIN_SELF = YES;
				CLANG_WARN_OBJC_LITERAL_CONVERSION = YES;
				CLANG_WARN_OBJC_ROOT_CLASS = YES_ERROR;
				CLANG_WARN_QUOTED_INCLUDE_IN_FRAMEWORK_HEADER = YES;
				CLANG_WARN_RANGE_LOOP_ANALYSIS = YES;
				CLANG_WARN_STRICT_PROTOTYPES = YES;
				CLANG_WARN_SUSPICIOUS_MOVE = YES;
				CLANG_WARN_UNGUARDED_AVAILABILITY = YES_AGGRESSIVE;
				CLANG_WARN_UNREACHABLE_CODE = YES;
				CLANG_WARN__DUPLICATE_METHOD_MATCH = YES;
				COPY_PHASE_STRIP = NO;
				DEBUG_INFORMATION_FORMAT = "dwarf-with-dsym";
				ENABLE_NS_ASSERTIONS = NO;
				ENABLE_STRICT_OBJC_MSGSEND = YES;
				GCC_C_LANGUAGE_STANDARD = gnu11;
				GCC_NO_COMMON_BLOCKS = YES;
				GCC_WARN_64_TO_32_BIT_CONVERSION = YES;
				GCC_WARN_ABOUT_RETURN_TYPE = YES_ERROR;
				GCC_WARN_UNDECLARED_SELECTOR = YES;
				GCC_WARN_UNINITIALIZED_AUTOS = YES_AGGRESSIVE;
				GCC_WARN_UNUSED_FUNCTION = YES;
				GCC_WARN_UNUSED_VARIABLE = YES;
				IPHONEOS_DEPLOYMENT_TARGET = 16.2;
				MTL_ENABLE_DEBUG_INFO = NO;
				MTL_FAST_MATH = YES;
				SDKROOT = iphoneos;
				SWIFT_COMPILATION_MODE = wholemodule;
				SWIFT_OPTIMIZATION_LEVEL = "-O";
				VALIDATE_PRODUCT = YES;
			};
			name = Release;
		};
		B1FF80EE2A8A6C8E00DDA434 /* Debug */ = {
			isa = XCBuildConfiguration;
			buildSettings = {
				ASSETCATALOG_COMPILER_APPICON_NAME = AppIcon;
				ASSETCATALOG_COMPILER_GLOBAL_ACCENT_COLOR_NAME = AccentColor;
				CODE_SIGN_STYLE = Automatic;
				CURRENT_PROJECT_VERSION = 1;
				DEVELOPMENT_ASSET_PATHS = "\"Testing with GitHub/Preview Content\"";
				ENABLE_PREVIEWS = YES;
				GENERATE_INFOPLIST_FILE = YES;
				INFOPLIST_KEY_UIApplicationSceneManifest_Generation = YES;
				INFOPLIST_KEY_UIApplicationSupportsIndirectInputEvents = YES;
				INFOPLIST_KEY_UILaunchScreen_Generation = YES;
				INFOPLIST_KEY_UISupportedInterfaceOrientations_iPad = "UIInterfaceOrientationPortrait UIInterfaceOrientationPortraitUpsideDown UIInterfaceOrientationLandscapeLeft UIInterfaceOrientationLandscapeRight";
				INFOPLIST_KEY_UISupportedInterfaceOrientations_iPhone = "UIInterfaceOrientationPortrait UIInterfaceOrientationLandscapeLeft UIInterfaceOrientationLandscapeRight";
				LD_RUNPATH_SEARCH_PATHS = (
					"$(inherited)",
					"@executable_path/Frameworks",
				);
				MARKETING_VERSION = 1.0;
				PRODUCT_BUNDLE_IDENTIFIER = "KWK.Testing-with-GitHub";
				PRODUCT_NAME = "$(TARGET_NAME)";
				SWIFT_EMIT_LOC_STRINGS = YES;
				SWIFT_VERSION = 5.0;
				TARGETED_DEVICE_FAMILY = "1,2";
			};
			name = Debug;
		};
		B1FF80EF2A8A6C8E00DDA434 /* Release */ = {
			isa = XCBuildConfiguration;
			buildSettings = {
				ASSETCATALOG_COMPILER_APPICON_NAME = AppIcon;
				ASSETCATALOG_COMPILER_GLOBAL_ACCENT_COLOR_NAME = AccentColor;
				CODE_SIGN_STYLE = Automatic;
				CURRENT_PROJECT_VERSION = 1;
				DEVELOPMENT_ASSET_PATHS = "\"Testing with GitHub/Preview Content\"";
				ENABLE_PREVIEWS = YES;
				GENERATE_INFOPLIST_FILE = YES;
				INFOPLIST_KEY_UIApplicationSceneManifest_Generation = YES;
				INFOPLIST_KEY_UIApplicationSupportsIndirectInputEvents = YES;
				INFOPLIST_KEY_UILaunchScreen_Generation = YES;
				INFOPLIST_KEY_UISupportedInterfaceOrientations_iPad = "UIInterfaceOrientationPortrait UIInterfaceOrientationPortraitUpsideDown UIInterfaceOrientationLandscapeLeft UIInterfaceOrientationLandscapeRight";
				INFOPLIST_KEY_UISupportedInterfaceOrientations_iPhone = "UIInterfaceOrientationPortrait UIInterfaceOrientationLandscapeLeft UIInterfaceOrientationLandscapeRight";
				LD_RUNPATH_SEARCH_PATHS = (
					"$(inherited)",
					"@executable_path/Frameworks",
				);
				MARKETING_VERSION = 1.0;
				PRODUCT_BUNDLE_IDENTIFIER = "KWK.Testing-with-GitHub";
				PRODUCT_NAME = "$(TARGET_NAME)";
				SWIFT_EMIT_LOC_STRINGS = YES;
				SWIFT_VERSION = 5.0;
				TARGETED_DEVICE_FAMILY = "1,2";
			};
			name = Release;
		};
/* End XCBuildConfiguration section */

/* Begin XCConfigurationList section */
		B1FF80DA2A8A6C8D00DDA434 /* Build configuration list for PBXProject "Testing with GitHub" */ = {
			isa = XCConfigurationList;
			buildConfigurations = (
				B1FF80EB2A8A6C8E00DDA434 /* Debug */,
				B1FF80EC2A8A6C8E00DDA434 /* Release */,
			);
			defaultConfigurationIsVisible = 0;
			defaultConfigurationName = Release;
		};
		B1FF80ED2A8A6C8E00DDA434 /* Build configuration list for PBXNativeTarget "Testing with GitHub" */ = {
			isa = XCConfigurationList;
			buildConfigurations = (
				B1FF80EE2A8A6C8E00DDA434 /* Debug */,
				B1FF80EF2A8A6C8E00DDA434 /* Release */,
			);
			defaultConfigurationIsVisible = 0;
			defaultConfigurationName = Release;
		};
/* End XCConfigurationList section */
	};
	rootObject = B1FF80D72A8A6C8D00DDA434 /* Project object */;
}
